
Microsoft Visual Studio Solution File, Format Version 12.00
# Visual Studio 15
VisualStudioVersion = 15.0.28307.902
MinimumVisualStudioVersion = 10.0.40219.1
Project("{FAE04EC0-301F-11D3-BF4B-00C04F79EFBC}") = "BillCalculator", "BillCalculator\BillCalculator.csproj", "{8BC072D6-F092-4E2F-A8A7-6A85504EF71A}"
EndProject
Global
	GlobalSection(SolutionConfigurationPlatforms) = preSolution
		Debug|Any CPU = Debug|Any CPU
		Release|Any CPU = Release|Any CPU
	EndGlobalSection
	GlobalSection(ProjectConfigurationPlatforms) = postSolution
		{8BC072D6-F092-4E2F-A8A7-6A85504EF71A}.Debug|Any CPU.ActiveCfg = Debug|Any CPU
		{8BC072D6-F092-4E2F-A8A7-6A85504EF71A}.Debug|Any CPU.Build.0 = Debug|Any CPU
		{8BC072D6-F092-4E2F-A8A7-6A85504EF71A}.Release|Any CPU.ActiveCfg = Release|Any CPU
		{8BC072D6-F092-4E2F-A8A7-6A85504EF71A}.Release|Any CPU.Build.0 = Release|Any CPU
	EndGlobalSection
	GlobalSection(SolutionProperties) = preSolution
		HideSolutionNode = FALSE
	EndGlobalSection
	GlobalSection(ExtensibilityGlobals) = postSolution
		SolutionGuid = {342DDE3F-996F-454A-A93C-1CAE29D12236}
	EndGlobalSection
EndGlobal
